// !$*UTF8*$!
{
	archiveVersion = 1;
	classes = {
	};
	objectVersion = 46;
	objects = {

/* Begin PBXBuildFile section */
		EC3880B51C3BF887007A6B3A /* iAd.framework in Frameworks */ = {isa = PBXBuildFile; fileRef = EC3880B41C3BF887007A6B3A /* iAd.framework */; };
		EC3880B71C3BF906007A6B3A /* GameKit.framework in Frameworks */ = {isa = PBXBuildFile; fileRef = EC3880B61C3BF906007A6B3A /* GameKit.framework */; };
		EC3880BA1C3BFA5C007A6B3A /* gameCenterFiles.m in Sources */ = {isa = PBXBuildFile; fileRef = EC3880B91C3BFA5C007A6B3A /* gameCenterFiles.m */; };
		ECCADF761C342B1200E31B7E /* 1lap.png in Resources */ = {isa = PBXBuildFile; fileRef = ECCADF691C342B1200E31B7E /* 1lap.png */; };
		ECCADF771C342B1200E31B7E /* 2lap.png in Resources */ = {isa = PBXBuildFile; fileRef = ECCADF6A1C342B1200E31B7E /* 2lap.png */; };
		ECCADF781C342B1200E31B7E /* 3lap.png in Resources */ = {isa = PBXBuildFile; fileRef = ECCADF6B1C342B1200E31B7E /* 3lap.png */; };
		ECCADF791C342B1200E31B7E /* 5lap.png in Resources */ = {isa = PBXBuildFile; fileRef = ECCADF6C1C342B1200E31B7E /* 5lap.png */; };
		ECCADF7A1C342B1200E31B7E /* 10lap.png in Resources */ = {isa = PBXBuildFile; fileRef = ECCADF6D1C342B1200E31B7E /* 10lap.png */; };
		ECCADF7B1C342B1200E31B7E /* aiOff.png in Resources */ = {isa = PBXBuildFile; fileRef = ECCADF6E1C342B1200E31B7E /* aiOff.png */; };
		ECCADF7C1C342B1200E31B7E /* aiOn.png in Resources */ = {isa = PBXBuildFile; fileRef = ECCADF6F1C342B1200E31B7E /* aiOn.png */; };
		ECCADF7D1C342B1200E31B7E /* endurance.png in Resources */ = {isa = PBXBuildFile; fileRef = ECCADF701C342B1200E31B7E /* endurance.png */; };
		ECCADF7F1C342B1200E31B7E /* quickGame.png in Resources */ = {isa = PBXBuildFile; fileRef = ECCADF721C342B1200E31B7E /* quickGame.png */; };
		ECCADF801C342B1200E31B7E /* selectMap.png in Resources */ = {isa = PBXBuildFile; fileRef = ECCADF731C342B1200E31B7E /* selectMap.png */; };
		ECCADF811C342B1200E31B7E /* startGame.png in Resources */ = {isa = PBXBuildFile; fileRef = ECCADF741C342B1200E31B7E /* startGame.png */; };
		ECCADF821C342B1200E31B7E /* timePerLap.png in Resources */ = {isa = PBXBuildFile; fileRef = ECCADF751C342B1200E31B7E /* timePerLap.png */; };
		ECCADF861C343F7F00E31B7E /* poluga.png in Resources */ = {isa = PBXBuildFile; fileRef = ECCADF851C343F7F00E31B7E /* poluga.png */; };
		ECCADF881C3445E000E31B7E /* enduranceOn.png in Resources */ = {isa = PBXBuildFile; fileRef = ECCADF871C3445E000E31B7E /* enduranceOn.png */; };
		ECCADF921C34746200E31B7E /* kayakBlack.png in Resources */ = {isa = PBXBuildFile; fileRef = ECCADF8A1C34746200E31B7E /* kayakBlack.png */; };
		ECCADF931C34746200E31B7E /* kayakBlue.png in Resources */ = {isa = PBXBuildFile; fileRef = ECCADF8B1C34746200E31B7E /* kayakBlue.png */; };
		ECCADF941C34746200E31B7E /* kayakCyan.png in Resources */ = {isa = PBXBuildFile; fileRef = ECCADF8C1C34746200E31B7E /* kayakCyan.png */; };
		ECCADF951C34746200E31B7E /* kayakGreen.png in Resources */ = {isa = PBXBuildFile; fileRef = ECCADF8D1C34746200E31B7E /* kayakGreen.png */; };
		ECCADF961C34746200E31B7E /* kayakPurple.png in Resources */ = {isa = PBXBuildFile; fileRef = ECCADF8E1C34746200E31B7E /* kayakPurple.png */; };
		ECCADF971C34746200E31B7E /* kayakRed.png in Resources */ = {isa = PBXBuildFile; fileRef = ECCADF8F1C34746200E31B7E /* kayakRed.png */; };
		ECCADF981C34746200E31B7E /* kayakWhite.png in Resources */ = {isa = PBXBuildFile; fileRef = ECCADF901C34746200E31B7E /* kayakWhite.png */; };
		ECCADF991C34746200E31B7E /* kayakYellow.png in Resources */ = {isa = PBXBuildFile; fileRef = ECCADF911C34746200E31B7E /* kayakYellow.png */; };
		ECCADFA21C34747700E31B7E /* veslacBlack.png in Resources */ = {isa = PBXBuildFile; fileRef = ECCADF9A1C34747700E31B7E /* veslacBlack.png */; };
		ECCADFA31C34747700E31B7E /* veslacBlue.png in Resources */ = {isa = PBXBuildFile; fileRef = ECCADF9B1C34747700E31B7E /* veslacBlue.png */; };
		ECCADFA41C34747700E31B7E /* veslacCyan.png in Resources */ = {isa = PBXBuildFile; fileRef = ECCADF9C1C34747700E31B7E /* veslacCyan.png */; };
		ECCADFA51C34747700E31B7E /* veslacGreen.png in Resources */ = {isa = PBXBuildFile; fileRef = ECCADF9D1C34747700E31B7E /* veslacGreen.png */; };
		ECCADFA61C34747700E31B7E /* veslacPurple.png in Resources */ = {isa = PBXBuildFile; fileRef = ECCADF9E1C34747700E31B7E /* veslacPurple.png */; };
		ECCADFA71C34747700E31B7E /* veslacRed.png in Resources */ = {isa = PBXBuildFile; fileRef = ECCADF9F1C34747700E31B7E /* veslacRed.png */; };
		ECCADFA81C34747700E31B7E /* veslacWhite.png in Resources */ = {isa = PBXBuildFile; fileRef = ECCADFA01C34747700E31B7E /* veslacWhite.png */; };
		ECCADFA91C34747700E31B7E /* veslacYellow.png in Resources */ = {isa = PBXBuildFile; fileRef = ECCADFA11C34747700E31B7E /* veslacYellow.png */; };
		ECCADFAC1C34773A00E31B7E /* pljus.png in Resources */ = {isa = PBXBuildFile; fileRef = ECCADFAB1C34773A00E31B7E /* pljus.png */; };
		ECCADFAE1C34774B00E31B7E /* riba.atlas in Resources */ = {isa = PBXBuildFile; fileRef = ECCADFAD1C34774B00E31B7E /* riba.atlas */; };
		ECCADFB01C34775B00E31B7E /* novcici.atlas in Resources */ = {isa = PBXBuildFile; fileRef = ECCADFAF1C34775B00E31B7E /* novcici.atlas */; };
		ECCADFB21C34778200E31B7E /* staza4.png in Resources */ = {isa = PBXBuildFile; fileRef = ECCADFB11C34778200E31B7E /* staza4.png */; };
		ECCADFB61C3477AE00E31B7E /* voda3.png in Resources */ = {isa = PBXBuildFile; fileRef = ECCADFB31C3477AE00E31B7E /* voda3.png */; };
		ECCADFB71C3477AE00E31B7E /* zemlja4.png in Resources */ = {isa = PBXBuildFile; fileRef = ECCADFB41C3477AE00E31B7E /* zemlja4.png */; };
		ECCADFB81C3477AE00E31B7E /* zemlja4U.png in Resources */ = {isa = PBXBuildFile; fileRef = ECCADFB51C3477AE00E31B7E /* zemlja4U.png */; };
		ECCADFBA1C3477F900E31B7E /* start.png in Resources */ = {isa = PBXBuildFile; fileRef = ECCADFB91C3477F900E31B7E /* start.png */; };
		ECCADFC71C34782400E31B7E /* brzac0.png in Resources */ = {isa = PBXBuildFile; fileRef = ECCADFBC1C34782400E31B7E /* brzac0.png */; };
		ECCADFC81C34782400E31B7E /* brzac1.png in Resources */ = {isa = PBXBuildFile; fileRef = ECCADFBD1C34782400E31B7E /* brzac1.png */; };
		ECCADFC91C34782400E31B7E /* brzac2.png in Resources */ = {isa = PBXBuildFile; fileRef = ECCADFBE1C34782400E31B7E /* brzac2.png */; };
		ECCADFCA1C34782400E31B7E /* brzac3.png in Resources */ = {isa = PBXBuildFile; fileRef = ECCADFBF1C34782400E31B7E /* brzac3.png */; };
		ECCADFCB1C34782400E31B7E /* brzac4.png in Resources */ = {isa = PBXBuildFile; fileRef = ECCADFC01C34782400E31B7E /* brzac4.png */; };
		ECCADFCC1C34782400E31B7E /* brzac5.png in Resources */ = {isa = PBXBuildFile; fileRef = ECCADFC11C34782400E31B7E /* brzac5.png */; };
		ECCADFCD1C34782400E31B7E /* brzac6.png in Resources */ = {isa = PBXBuildFile; fileRef = ECCADFC21C34782400E31B7E /* brzac6.png */; };
		ECCADFCE1C34782400E31B7E /* brzac7.png in Resources */ = {isa = PBXBuildFile; fileRef = ECCADFC31C34782400E31B7E /* brzac7.png */; };
		ECCADFCF1C34782400E31B7E /* brzac8.png in Resources */ = {isa = PBXBuildFile; fileRef = ECCADFC41C34782400E31B7E /* brzac8.png */; };
		ECCADFD01C34782400E31B7E /* brzac9.png in Resources */ = {isa = PBXBuildFile; fileRef = ECCADFC51C34782400E31B7E /* brzac9.png */; };
		ECCADFD11C34782400E31B7E /* brzac10.png in Resources */ = {isa = PBXBuildFile; fileRef = ECCADFC61C34782400E31B7E /* brzac10.png */; };
		ECCADFD41C34785600E31B7E /* bird.mp3 in Resources */ = {isa = PBXBuildFile; fileRef = ECCADFD31C34785600E31B7E /* bird.mp3 */; };
		ECCADFD61C34790B00E31B7E /* AVFoundation.framework in Frameworks */ = {isa = PBXBuildFile; fileRef = ECCADFD51C34790B00E31B7E /* AVFoundation.framework */; };
		ECCADFDA1C3479AF00E31B7E /* MyParticle.sks in Resources */ = {isa = PBXBuildFile; fileRef = ECCADFD81C3479AF00E31B7E /* MyParticle.sks */; };
		ECCADFDB1C3479AF00E31B7E /* spark.png in Resources */ = {isa = PBXBuildFile; fileRef = ECCADFD91C3479AF00E31B7E /* spark.png */; };
		ECCADFDE1C347B2000E31B7E /* prvaScena.m in Sources */ = {isa = PBXBuildFile; fileRef = ECCADFDD1C347B2000E31B7E /* prvaScena.m */; };
		ECCADFE01C3488CB00E31B7E /* kajakB.png in Resources */ = {isa = PBXBuildFile; fileRef = ECCADFDF1C3488CB00E31B7E /* kajakB.png */; };
		ECCADFE31C353B2700E31B7E /* fallScene.m in Sources */ = {isa = PBXBuildFile; fileRef = ECCADFE21C353B2700E31B7E /* fallScene.m */; };
		ECCADFE61C3541A500E31B7E /* winScene.m in Sources */ = {isa = PBXBuildFile; fileRef = ECCADFE51C3541A500E31B7E /* winScene.m */; };
		ECCADFE81C3550B100E31B7E /* fallPodloga.png in Resources */ = {isa = PBXBuildFile; fileRef = ECCADFE71C3550B100E31B7E /* fallPodloga.png */; };
		ECCADFEA1C3561D200E31B7E /* winPodloga.png in Resources */ = {isa = PBXBuildFile; fileRef = ECCADFE91C3561D200E31B7E /* winPodloga.png */; };
		ECCADFEC1C35891B00E31B7E /* pehar.png in Resources */ = {isa = PBXBuildFile; fileRef = ECCADFEB1C35891B00E31B7E /* pehar.png */; };
		ECCADFEE1C358B8600E31B7E /* newGame.png in Resources */ = {isa = PBXBuildFile; fileRef = ECCADFED1C358B8600E31B7E /* newGame.png */; };
		ECCADFF31C36F2FC00E31B7E /* zemlja5.png in Resources */ = {isa = PBXBuildFile; fileRef = ECCADFF11C36F2FC00E31B7E /* zemlja5.png */; };
		ECCADFF41C36F2FC00E31B7E /* zemlja5U.png in Resources */ = {isa = PBXBuildFile; fileRef = ECCADFF21C36F2FC00E31B7E /* zemlja5U.png */; };
		ECCADFF61C36FA9000E31B7E /* staza5.png in Resources */ = {isa = PBXBuildFile; fileRef = ECCADFF51C36FA9000E31B7E /* staza5.png */; };
		ECCADFFB1C37035700E31B7E /* zemlja1.png in Resources */ = {isa = PBXBuildFile; fileRef = ECCADFF91C37035700E31B7E /* zemlja1.png */; };
		ECCADFFC1C37035700E31B7E /* zemlja1U.png in Resources */ = {isa = PBXBuildFile; fileRef = ECCADFFA1C37035700E31B7E /* zemlja1U.png */; };
		ECCAE0011C3717B800E31B7E /* izbornikScene.m in Sources */ = {isa = PBXBuildFile; fileRef = ECCAE0001C3717B800E31B7E /* izbornikScene.m */; };
		ECCAE0031C37192400E31B7E /* voda4.png in Resources */ = {isa = PBXBuildFile; fileRef = ECCAE0021C37192400E31B7E /* voda4.png */; };
		ECCAE0051C371B1900E31B7E /* iOkvir.png in Resources */ = {isa = PBXBuildFile; fileRef = ECCAE0041C371B1900E31B7E /* iOkvir.png */; };
		ECCAE0071C371E2E00E31B7E /* back.png in Resources */ = {isa = PBXBuildFile; fileRef = ECCAE0061C371E2E00E31B7E /* back.png */; };
		ECCAE0091C37254B00E31B7E /* check.png in Resources */ = {isa = PBXBuildFile; fileRef = ECCAE0081C37254B00E31B7E /* check.png */; };
		ECCAE0141C375DB000E31B7E /* zemlja2.png in Resources */ = {isa = PBXBuildFile; fileRef = ECCAE0121C375DB000E31B7E /* zemlja2.png */; };
		ECCAE01B1C37E94800E31B7E /* zemlja3.png in Resources */ = {isa = PBXBuildFile; fileRef = ECCAE01A1C37E94800E31B7E /* zemlja3.png */; };
		ECCAE0211C37ED6100E31B7E /* voda2.png in Resources */ = {isa = PBXBuildFile; fileRef = ECCAE0201C37ED6100E31B7E /* voda2.png */; };
		ECCAE0281C37FBB800E31B7E /* zemlja3U.png in Resources */ = {isa = PBXBuildFile; fileRef = ECCAE0271C37FBB800E31B7E /* zemlja3U.png */; };
		ECCAE02A1C37FBD300E31B7E /* staza3.png in Resources */ = {isa = PBXBuildFile; fileRef = ECCAE0291C37FBD300E31B7E /* staza3.png */; };
		ECCAE02C1C37FED900E31B7E /* staza1.png in Resources */ = {isa = PBXBuildFile; fileRef = ECCAE02B1C37FED900E31B7E /* staza1.png */; };
		ECCAE0301C389BBB00E31B7E /* voda1.png in Resources */ = {isa = PBXBuildFile; fileRef = ECCAE02F1C389BBB00E31B7E /* voda1.png */; };
		ECCAE0341C389E9500E31B7E /* zemlja2U.png in Resources */ = {isa = PBXBuildFile; fileRef = ECCAE0331C389E9500E31B7E /* zemlja2U.png */; };
		ECCAE0381C39AB9000E31B7E /* naslovna.png in Resources */ = {isa = PBXBuildFile; fileRef = ECCAE0371C39AB9000E31B7E /* naslovna.png */; };
		ECCAE03A1C39CC1900E31B7E /* staza1ico.png in Resources */ = {isa = PBXBuildFile; fileRef = ECCAE0391C39CC1900E31B7E /* staza1ico.png */; };
		ECCAE03C1C39CC2200E31B7E /* staza2ico.png in Resources */ = {isa = PBXBuildFile; fileRef = ECCAE03B1C39CC2200E31B7E /* staza2ico.png */; };
		ECCAE03E1C39CC2E00E31B7E /* staza3ico.png in Resources */ = {isa = PBXBuildFile; fileRef = ECCAE03D1C39CC2E00E31B7E /* staza3ico.png */; };
		ECCAE0401C39CC3600E31B7E /* staza4ico.png in Resources */ = {isa = PBXBuildFile; fileRef = ECCAE03F1C39CC3600E31B7E /* staza4ico.png */; };
		ECCAE0421C39CC4400E31B7E /* staza5ico.png in Resources */ = {isa = PBXBuildFile; fileRef = ECCAE0411C39CC4400E31B7E /* staza5ico.png */; };
		ECCAE0441C39E49700E31B7E /* staza2.png in Resources */ = {isa = PBXBuildFile; fileRef = ECCAE0431C39E49700E31B7E /* staza2.png */; };
		ECCAE0471C3AE79B00E31B7E /* izbornikKajaka.m in Sources */ = {isa = PBXBuildFile; fileRef = ECCAE0461C3AE79B00E31B7E /* izbornikKajaka.m */; };
		ECCAE0491C3AF19900E31B7E /* leaderboard.png in Resources */ = {isa = PBXBuildFile; fileRef = ECCAE0481C3AF19900E31B7E /* leaderboard.png */; };
		ECCAE04B1C3AF1AF00E31B7E /* selectKayak.png in Resources */ = {isa = PBXBuildFile; fileRef = ECCAE04A1C3AF1AF00E31B7E /* selectKayak.png */; };
		ECCAE04D1C3B2B2900E31B7E /* Social.framework in Frameworks */ = {isa = PBXBuildFile; fileRef = ECCAE04C1C3B2B2900E31B7E /* Social.framework */; };
		ECCAE04F1C3B2B4100E31B7E /* Twitter.framework in Frameworks */ = {isa = PBXBuildFile; fileRef = ECCAE04E1C3B2B4100E31B7E /* Twitter.framework */; };
		ECCAE0551C3B2F1C00E31B7E /* twiter.png in Resources */ = {isa = PBXBuildFile; fileRef = ECCAE0541C3B2F1C00E31B7E /* twiter.png */; };
		ECCAE0571C3B2F2F00E31B7E /* Facebook.png in Resources */ = {isa = PBXBuildFile; fileRef = ECCAE0561C3B2F2F00E31B7E /* Facebook.png */; };
		ECD2C6B51C2738CB00A96B7F /* main.m in Sources */ = {isa = PBXBuildFile; fileRef = ECD2C6B41C2738CB00A96B7F /* main.m */; };
		ECD2C6B81C2738CB00A96B7F /* AppDelegate.m in Sources */ = {isa = PBXBuildFile; fileRef = ECD2C6B71C2738CB00A96B7F /* AppDelegate.m */; };
		ECD2C6BB1C2738CB00A96B7F /* GameScene.m in Sources */ = {isa = PBXBuildFile; fileRef = ECD2C6BA1C2738CB00A96B7F /* GameScene.m */; };
		ECD2C6BD1C2738CB00A96B7F /* GameScene.sks in Resources */ = {isa = PBXBuildFile; fileRef = ECD2C6BC1C2738CB00A96B7F /* GameScene.sks */; };
		ECD2C6C01C2738CB00A96B7F /* GameViewController.m in Sources */ = {isa = PBXBuildFile; fileRef = ECD2C6BF1C2738CB00A96B7F /* GameViewController.m */; };
		ECD2C6C31C2738CB00A96B7F /* Main.storyboard in Resources */ = {isa = PBXBuildFile; fileRef = ECD2C6C11C2738CB00A96B7F /* Main.storyboard */; };
		ECD2C6C51C2738CB00A96B7F /* Assets.xcassets in Resources */ = {isa = PBXBuildFile; fileRef = ECD2C6C41C2738CB00A96B7F /* Assets.xcassets */; };
		ECD2C6C81C2738CB00A96B7F /* LaunchScreen.storyboard in Resources */ = {isa = PBXBuildFile; fileRef = ECD2C6C61C2738CB00A96B7F /* LaunchScreen.storyboard */; };
		ECD2C6D41C273B5500A96B7F /* uvodna.png in Resources */ = {isa = PBXBuildFile; fileRef = ECD2C6D31C273B5500A96B7F /* uvodna.png */; };
		ECD2C6E71C275D7E00A96B7F /* kamen1.png in Resources */ = {isa = PBXBuildFile; fileRef = ECD2C6E11C275D7E00A96B7F /* kamen1.png */; };
		ECD2C6E81C275D7E00A96B7F /* kamen2.png in Resources */ = {isa = PBXBuildFile; fileRef = ECD2C6E21C275D7E00A96B7F /* kamen2.png */; };
		ECD2C6E91C275D7E00A96B7F /* kamen3.png in Resources */ = {isa = PBXBuildFile; fileRef = ECD2C6E31C275D7E00A96B7F /* kamen3.png */; };
		ECD2C6EA1C275D7E00A96B7F /* kamen4.png in Resources */ = {isa = PBXBuildFile; fileRef = ECD2C6E41C275D7E00A96B7F /* kamen4.png */; };
		ECD2C6EB1C275D7E00A96B7F /* kamen5.png in Resources */ = {isa = PBXBuildFile; fileRef = ECD2C6E51C275D7E00A96B7F /* kamen5.png */; };
		ECD2C6EC1C275D7E00A96B7F /* kamen6.png in Resources */ = {isa = PBXBuildFile; fileRef = ECD2C6E61C275D7E00A96B7F /* kamen6.png */; };
		ECD2C6EE1C27609700A96B7F /* voda.png in Resources */ = {isa = PBXBuildFile; fileRef = ECD2C6ED1C27609700A96B7F /* voda.png */; };
/* End PBXBuildFile section */

/* Begin PBXFileReference section */
		EC3880B41C3BF887007A6B3A /* iAd.framework */ = {isa = PBXFileReference; lastKnownFileType = wrapper.framework; name = iAd.framework; path = System/Library/Frameworks/iAd.framework; sourceTree = SDKROOT; };
		EC3880B61C3BF906007A6B3A /* GameKit.framework */ = {isa = PBXFileReference; lastKnownFileType = wrapper.framework; name = GameKit.framework; path = System/Library/Frameworks/GameKit.framework; sourceTree = SDKROOT; };
		EC3880B81C3BFA5C007A6B3A /* gameCenterFiles.h */ = {isa = PBXFileReference; fileEncoding = 4; lastKnownFileType = sourcecode.c.h; path = gameCenterFiles.h; sourceTree = "<group>"; };
		EC3880B91C3BFA5C007A6B3A /* gameCenterFiles.m */ = {isa = PBXFileReference; fileEncoding = 4; lastKnownFileType = sourcecode.c.objc; path = gameCenterFiles.m; sourceTree = "<group>"; };
		ECCADF691C342B1200E31B7E /* 1lap.png */ = {isa = PBXFileReference; lastKnownFileType = image.png; path = 1lap.png; sourceTree = "<group>"; };
		ECCADF6A1C342B1200E31B7E /* 2lap.png */ = {isa = PBXFileReference; lastKnownFileType = image.png; path = 2lap.png; sourceTree = "<group>"; };
		ECCADF6B1C342B1200E31B7E /* 3lap.png */ = {isa = PBXFileReference; lastKnownFileType = image.png; path = 3lap.png; sourceTree = "<group>"; };
		ECCADF6C1C342B1200E31B7E /* 5lap.png */ = {isa = PBXFileReference; lastKnownFileType = image.png; path = 5lap.png; sourceTree = "<group>"; };
		ECCADF6D1C342B1200E31B7E /* 10lap.png */ = {isa = PBXFileReference; lastKnownFileType = image.png; path = 10lap.png; sourceTree = "<group>"; };
		ECCADF6E1C342B1200E31B7E /* aiOff.png */ = {isa = PBXFileReference; lastKnownFileType = image.png; path = aiOff.png; sourceTree = "<group>"; };
		ECCADF6F1C342B1200E31B7E /* aiOn.png */ = {isa = PBXFileReference; lastKnownFileType = image.png; path = aiOn.png; sourceTree = "<group>"; };
		ECCADF701C342B1200E31B7E /* endurance.png */ = {isa = PBXFileReference; lastKnownFileType = image.png; path = endurance.png; sourceTree = "<group>"; };
		ECCADF721C342B1200E31B7E /* quickGame.png */ = {isa = PBXFileReference; lastKnownFileType = image.png; path = quickGame.png; sourceTree = "<group>"; };
		ECCADF731C342B1200E31B7E /* selectMap.png */ = {isa = PBXFileReference; lastKnownFileType = image.png; path = selectMap.png; sourceTree = "<group>"; };
		ECCADF741C342B1200E31B7E /* startGame.png */ = {isa = PBXFileReference; lastKnownFileType = image.png; path = startGame.png; sourceTree = "<group>"; };
		ECCADF751C342B1200E31B7E /* timePerLap.png */ = {isa = PBXFileReference; lastKnownFileType = image.png; path = timePerLap.png; sourceTree = "<group>"; };
		ECCADF851C343F7F00E31B7E /* poluga.png */ = {isa = PBXFileReference; lastKnownFileType = image.png; path = poluga.png; sourceTree = "<group>"; };
		ECCADF871C3445E000E31B7E /* enduranceOn.png */ = {isa = PBXFileReference; lastKnownFileType = image.png; path = enduranceOn.png; sourceTree = "<group>"; };
		ECCADF8A1C34746200E31B7E /* kayakBlack.png */ = {isa = PBXFileReference; lastKnownFileType = image.png; path = kayakBlack.png; sourceTree = "<group>"; };
		ECCADF8B1C34746200E31B7E /* kayakBlue.png */ = {isa = PBXFileReference; lastKnownFileType = image.png; path = kayakBlue.png; sourceTree = "<group>"; };
		ECCADF8C1C34746200E31B7E /* kayakCyan.png */ = {isa = PBXFileReference; lastKnownFileType = image.png; path = kayakCyan.png; sourceTree = "<group>"; };
		ECCADF8D1C34746200E31B7E /* kayakGreen.png */ = {isa = PBXFileReference; lastKnownFileType = image.png; path = kayakGreen.png; sourceTree = "<group>"; };
		ECCADF8E1C34746200E31B7E /* kayakPurple.png */ = {isa = PBXFileReference; lastKnownFileType = image.png; path = kayakPurple.png; sourceTree = "<group>"; };
		ECCADF8F1C34746200E31B7E /* kayakRed.png */ = {isa = PBXFileReference; lastKnownFileType = image.png; path = kayakRed.png; sourceTree = "<group>"; };
		ECCADF901C34746200E31B7E /* kayakWhite.png */ = {isa = PBXFileReference; lastKnownFileType = image.png; path = kayakWhite.png; sourceTree = "<group>"; };
		ECCADF911C34746200E31B7E /* kayakYellow.png */ = {isa = PBXFileReference; lastKnownFileType = image.png; path = kayakYellow.png; sourceTree = "<group>"; };
		ECCADF9A1C34747700E31B7E /* veslacBlack.png */ = {isa = PBXFileReference; lastKnownFileType = image.png; path = veslacBlack.png; sourceTree = "<group>"; };
		ECCADF9B1C34747700E31B7E /* veslacBlue.png */ = {isa = PBXFileReference; lastKnownFileType = image.png; path = veslacBlue.png; sourceTree = "<group>"; };
		ECCADF9C1C34747700E31B7E /* veslacCyan.png */ = {isa = PBXFileReference; lastKnownFileType = image.png; path = veslacCyan.png; sourceTree = "<group>"; };
		ECCADF9D1C34747700E31B7E /* veslacGreen.png */ = {isa = PBXFileReference; lastKnownFileType = image.png; path = veslacGreen.png; sourceTree = "<group>"; };
		ECCADF9E1C34747700E31B7E /* veslacPurple.png */ = {isa = PBXFileReference; lastKnownFileType = image.png; path = veslacPurple.png; sourceTree = "<group>"; };
		ECCADF9F1C34747700E31B7E /* veslacRed.png */ = {isa = PBXFileReference; lastKnownFileType = image.png; path = veslacRed.png; sourceTree = "<group>"; };
		ECCADFA01C34747700E31B7E /* veslacWhite.png */ = {isa = PBXFileReference; lastKnownFileType = image.png; path = veslacWhite.png; sourceTree = "<group>"; };
		ECCADFA11C34747700E31B7E /* veslacYellow.png */ = {isa = PBXFileReference; lastKnownFileType = image.png; path = veslacYellow.png; sourceTree = "<group>"; };
		ECCADFAB1C34773A00E31B7E /* pljus.png */ = {isa = PBXFileReference; lastKnownFileType = image.png; path = pljus.png; sourceTree = "<group>"; };
		ECCADFAD1C34774B00E31B7E /* riba.atlas */ = {isa = PBXFileReference; lastKnownFileType = folder.skatlas; path = riba.atlas; sourceTree = "<group>"; };
		ECCADFAF1C34775B00E31B7E /* novcici.atlas */ = {isa = PBXFileReference; lastKnownFileType = folder.skatlas; path = novcici.atlas; sourceTree = "<group>"; };
		ECCADFB11C34778200E31B7E /* staza4.png */ = {isa = PBXFileReference; lastKnownFileType = image.png; path = staza4.png; sourceTree = "<group>"; };
		ECCADFB31C3477AE00E31B7E /* voda3.png */ = {isa = PBXFileReference; lastKnownFileType = image.png; path = voda3.png; sourceTree = "<group>"; };
		ECCADFB41C3477AE00E31B7E /* zemlja4.png */ = {isa = PBXFileReference; lastKnownFileType = image.png; path = zemlja4.png; sourceTree = "<group>"; };
		ECCADFB51C3477AE00E31B7E /* zemlja4U.png */ = {isa = PBXFileReference; lastKnownFileType = image.png; path = zemlja4U.png; sourceTree = "<group>"; };
		ECCADFB91C3477F900E31B7E /* start.png */ = {isa = PBXFileReference; lastKnownFileType = image.png; path = start.png; sourceTree = "<group>"; };
		ECCADFBC1C34782400E31B7E /* brzac0.png */ = {isa = PBXFileReference; lastKnownFileType = image.png; path = brzac0.png; sourceTree = "<group>"; };
		ECCADFBD1C34782400E31B7E /* brzac1.png */ = {isa = PBXFileReference; lastKnownFileType = image.png; path = brzac1.png; sourceTree = "<group>"; };
		ECCADFBE1C34782400E31B7E /* brzac2.png */ = {isa = PBXFileReference; lastKnownFileType = image.png; path = brzac2.png; sourceTree = "<group>"; };
		ECCADFBF1C34782400E31B7E /* brzac3.png */ = {isa = PBXFileReference; lastKnownFileType = image.png; path = brzac3.png; sourceTree = "<group>"; };
		ECCADFC01C34782400E31B7E /* brzac4.png */ = {isa = PBXFileReference; lastKnownFileType = image.png; path = brzac4.png; sourceTree = "<group>"; };
		ECCADFC11C34782400E31B7E /* brzac5.png */ = {isa = PBXFileReference; lastKnownFileType = image.png; path = brzac5.png; sourceTree = "<group>"; };
		ECCADFC21C34782400E31B7E /* brzac6.png */ = {isa = PBXFileReference; lastKnownFileType = image.png; path = brzac6.png; sourceTree = "<group>"; };
		ECCADFC31C34782400E31B7E /* brzac7.png */ = {isa = PBXFileReference; lastKnownFileType = image.png; path = brzac7.png; sourceTree = "<group>"; };
		ECCADFC41C34782400E31B7E /* brzac8.png */ = {isa = PBXFileReference; lastKnownFileType = image.png; path = brzac8.png; sourceTree = "<group>"; };
		ECCADFC51C34782400E31B7E /* brzac9.png */ = {isa = PBXFileReference; lastKnownFileType = image.png; path = brzac9.png; sourceTree = "<group>"; };
		ECCADFC61C34782400E31B7E /* brzac10.png */ = {isa = PBXFileReference; lastKnownFileType = image.png; path = brzac10.png; sourceTree = "<group>"; };
		ECCADFD31C34785600E31B7E /* bird.mp3 */ = {isa = PBXFileReference; lastKnownFileType = audio.mp3; path = bird.mp3; sourceTree = "<group>"; };
		ECCADFD51C34790B00E31B7E /* AVFoundation.framework */ = {isa = PBXFileReference; lastKnownFileType = wrapper.framework; name = AVFoundation.framework; path = System/Library/Frameworks/AVFoundation.framework; sourceTree = SDKROOT; };
		ECCADFD81C3479AF00E31B7E /* MyParticle.sks */ = {isa = PBXFileReference; lastKnownFileType = file.sks; path = MyParticle.sks; sourceTree = "<group>"; };
		ECCADFD91C3479AF00E31B7E /* spark.png */ = {isa = PBXFileReference; lastKnownFileType = image.png; path = spark.png; sourceTree = "<group>"; };
		ECCADFDC1C347B2000E31B7E /* prvaScena.h */ = {isa = PBXFileReference; fileEncoding = 4; lastKnownFileType = sourcecode.c.h; path = prvaScena.h; sourceTree = "<group>"; };
		ECCADFDD1C347B2000E31B7E /* prvaScena.m */ = {isa = PBXFileReference; fileEncoding = 4; lastKnownFileType = sourcecode.c.objc; path = prvaScena.m; sourceTree = "<group>"; };
		ECCADFDF1C3488CB00E31B7E /* kajakB.png */ = {isa = PBXFileReference; lastKnownFileType = image.png; path = kajakB.png; sourceTree = "<group>"; };
		ECCADFE11C353B2700E31B7E /* fallScene.h */ = {isa = PBXFileReference; fileEncoding = 4; lastKnownFileType = sourcecode.c.h; path = fallScene.h; sourceTree = "<group>"; };
		ECCADFE21C353B2700E31B7E /* fallScene.m */ = {isa = PBXFileReference; fileEncoding = 4; lastKnownFileType = sourcecode.c.objc; path = fallScene.m; sourceTree = "<group>"; };
		ECCADFE41C35418E00E31B7E /* winScene.h */ = {isa = PBXFileReference; fileEncoding = 4; lastKnownFileType = sourcecode.c.h; path = winScene.h; sourceTree = "<group>"; };
		ECCADFE51C3541A500E31B7E /* winScene.m */ = {isa = PBXFileReference; fileEncoding = 4; lastKnownFileType = sourcecode.c.objc; path = winScene.m; sourceTree = "<group>"; };
		ECCADFE71C3550B100E31B7E /* fallPodloga.png */ = {isa = PBXFileReference; lastKnownFileType = image.png; path = fallPodloga.png; sourceTree = "<group>"; };
		ECCADFE91C3561D200E31B7E /* winPodloga.png */ = {isa = PBXFileReference; lastKnownFileType = image.png; path = winPodloga.png; sourceTree = "<group>"; };
		ECCADFEB1C35891B00E31B7E /* pehar.png */ = {isa = PBXFileReference; lastKnownFileType = image.png; path = pehar.png; sourceTree = "<group>"; };
		ECCADFED1C358B8600E31B7E /* newGame.png */ = {isa = PBXFileReference; lastKnownFileType = image.png; path = newGame.png; sourceTree = "<group>"; };
		ECCADFF11C36F2FC00E31B7E /* zemlja5.png */ = {isa = PBXFileReference; lastKnownFileType = image.png; path = zemlja5.png; sourceTree = "<group>"; };
		ECCADFF21C36F2FC00E31B7E /* zemlja5U.png */ = {isa = PBXFileReference; lastKnownFileType = image.png; path = zemlja5U.png; sourceTree = "<group>"; };
		ECCADFF51C36FA9000E31B7E /* staza5.png */ = {isa = PBXFileReference; lastKnownFileType = image.png; path = staza5.png; sourceTree = "<group>"; };
		ECCADFF91C37035700E31B7E /* zemlja1.png */ = {isa = PBXFileReference; lastKnownFileType = image.png; path = zemlja1.png; sourceTree = "<group>"; };
		ECCADFFA1C37035700E31B7E /* zemlja1U.png */ = {isa = PBXFileReference; lastKnownFileType = image.png; path = zemlja1U.png; sourceTree = "<group>"; };
		ECCADFFF1C3717A300E31B7E /* izbornikScene.h */ = {isa = PBXFileReference; fileEncoding = 4; lastKnownFileType = sourcecode.c.h; path = izbornikScene.h; sourceTree = "<group>"; };
		ECCAE0001C3717B800E31B7E /* izbornikScene.m */ = {isa = PBXFileReference; fileEncoding = 4; lastKnownFileType = sourcecode.c.objc; path = izbornikScene.m; sourceTree = "<group>"; };
		ECCAE0021C37192400E31B7E /* voda4.png */ = {isa = PBXFileReference; lastKnownFileType = image.png; path = voda4.png; sourceTree = "<group>"; };
		ECCAE0041C371B1900E31B7E /* iOkvir.png */ = {isa = PBXFileReference; lastKnownFileType = image.png; path = iOkvir.png; sourceTree = "<group>"; };
		ECCAE0061C371E2E00E31B7E /* back.png */ = {isa = PBXFileReference; lastKnownFileType = image.png; path = back.png; sourceTree = "<group>"; };
		ECCAE0081C37254B00E31B7E /* check.png */ = {isa = PBXFileReference; lastKnownFileType = image.png; path = check.png; sourceTree = "<group>"; };
		ECCAE0121C375DB000E31B7E /* zemlja2.png */ = {isa = PBXFileReference; lastKnownFileType = image.png; path = zemlja2.png; sourceTree = "<group>"; };
		ECCAE01A1C37E94800E31B7E /* zemlja3.png */ = {isa = PBXFileReference; lastKnownFileType = image.png; path = zemlja3.png; sourceTree = "<group>"; };
		ECCAE0201C37ED6100E31B7E /* voda2.png */ = {isa = PBXFileReference; lastKnownFileType = image.png; path = voda2.png; sourceTree = "<group>"; };
		ECCAE0271C37FBB800E31B7E /* zemlja3U.png */ = {isa = PBXFileReference; lastKnownFileType = image.png; path = zemlja3U.png; sourceTree = "<group>"; };
		ECCAE0291C37FBD300E31B7E /* staza3.png */ = {isa = PBXFileReference; lastKnownFileType = image.png; path = staza3.png; sourceTree = "<group>"; };
		ECCAE02B1C37FED900E31B7E /* staza1.png */ = {isa = PBXFileReference; lastKnownFileType = image.png; path = staza1.png; sourceTree = "<group>"; };
		ECCAE02F1C389BBB00E31B7E /* voda1.png */ = {isa = PBXFileReference; lastKnownFileType = image.png; path = voda1.png; sourceTree = "<group>"; };
		ECCAE0331C389E9500E31B7E /* zemlja2U.png */ = {isa = PBXFileReference; lastKnownFileType = image.png; path = zemlja2U.png; sourceTree = "<group>"; };
		ECCAE0371C39AB9000E31B7E /* naslovna.png */ = {isa = PBXFileReference; lastKnownFileType = image.png; path = naslovna.png; sourceTree = "<group>"; };
		ECCAE0391C39CC1900E31B7E /* staza1ico.png */ = {isa = PBXFileReference; lastKnownFileType = image.png; path = staza1ico.png; sourceTree = "<group>"; };
		ECCAE03B1C39CC2200E31B7E /* staza2ico.png */ = {isa = PBXFileReference; lastKnownFileType = image.png; path = staza2ico.png; sourceTree = "<group>"; };
		ECCAE03D1C39CC2E00E31B7E /* staza3ico.png */ = {isa = PBXFileReference; lastKnownFileType = image.png; path = staza3ico.png; sourceTree = "<group>"; };
		ECCAE03F1C39CC3600E31B7E /* staza4ico.png */ = {isa = PBXFileReference; lastKnownFileType = image.png; path = staza4ico.png; sourceTree = "<group>"; };
		ECCAE0411C39CC4400E31B7E /* staza5ico.png */ = {isa = PBXFileReference; lastKnownFileType = image.png; path = staza5ico.png; sourceTree = "<group>"; };
		ECCAE0431C39E49700E31B7E /* staza2.png */ = {isa = PBXFileReference; lastKnownFileType = image.png; path = staza2.png; sourceTree = "<group>"; };
		ECCAE0451C3AE79B00E31B7E /* izbornikKajaka.h */ = {isa = PBXFileReference; fileEncoding = 4; lastKnownFileType = sourcecode.c.h; path = izbornikKajaka.h; sourceTree = "<group>"; };
		ECCAE0461C3AE79B00E31B7E /* izbornikKajaka.m */ = {isa = PBXFileReference; fileEncoding = 4; lastKnownFileType = sourcecode.c.objc; path = izbornikKajaka.m; sourceTree = "<group>"; };
		ECCAE0481C3AF19900E31B7E /* leaderboard.png */ = {isa = PBXFileReference; lastKnownFileType = image.png; path = leaderboard.png; sourceTree = "<group>"; };
		ECCAE04A1C3AF1AF00E31B7E /* selectKayak.png */ = {isa = PBXFileReference; lastKnownFileType = image.png; path = selectKayak.png; sourceTree = "<group>"; };
		ECCAE04C1C3B2B2900E31B7E /* Social.framework */ = {isa = PBXFileReference; lastKnownFileType = wrapper.framework; name = Social.framework; path = System/Library/Frameworks/Social.framework; sourceTree = SDKROOT; };
		ECCAE04E1C3B2B4100E31B7E /* Twitter.framework */ = {isa = PBXFileReference; lastKnownFileType = wrapper.framework; name = Twitter.framework; path = System/Library/Frameworks/Twitter.framework; sourceTree = SDKROOT; };
		ECCAE0541C3B2F1C00E31B7E /* twiter.png */ = {isa = PBXFileReference; lastKnownFileType = image.png; path = twiter.png; sourceTree = "<group>"; };
		ECCAE0561C3B2F2F00E31B7E /* Facebook.png */ = {isa = PBXFileReference; lastKnownFileType = image.png; path = Facebook.png; sourceTree = "<group>"; };
		ECD2C6B01C2738CB00A96B7F /* Kayak.app */ = {isa = PBXFileReference; explicitFileType = wrapper.application; includeInIndex = 0; path = Kayak.app; sourceTree = BUILT_PRODUCTS_DIR; };
		ECD2C6B41C2738CB00A96B7F /* main.m */ = {isa = PBXFileReference; lastKnownFileType = sourcecode.c.objc; path = main.m; sourceTree = "<group>"; };
		ECD2C6B61C2738CB00A96B7F /* AppDelegate.h */ = {isa = PBXFileReference; lastKnownFileType = sourcecode.c.h; path = AppDelegate.h; sourceTree = "<group>"; };
		ECD2C6B71C2738CB00A96B7F /* AppDelegate.m */ = {isa = PBXFileReference; lastKnownFileType = sourcecode.c.objc; path = AppDelegate.m; sourceTree = "<group>"; };
		ECD2C6B91C2738CB00A96B7F /* GameScene.h */ = {isa = PBXFileReference; lastKnownFileType = sourcecode.c.h; path = GameScene.h; sourceTree = "<group>"; };
		ECD2C6BA1C2738CB00A96B7F /* GameScene.m */ = {isa = PBXFileReference; lastKnownFileType = sourcecode.c.objc; path = GameScene.m; sourceTree = "<group>"; };
		ECD2C6BC1C2738CB00A96B7F /* GameScene.sks */ = {isa = PBXFileReference; lastKnownFileType = file.sks; path = GameScene.sks; sourceTree = "<group>"; };
		ECD2C6BE1C2738CB00A96B7F /* GameViewController.h */ = {isa = PBXFileReference; lastKnownFileType = sourcecode.c.h; path = GameViewController.h; sourceTree = "<group>"; };
		ECD2C6BF1C2738CB00A96B7F /* GameViewController.m */ = {isa = PBXFileReference; lastKnownFileType = sourcecode.c.objc; path = GameViewController.m; sourceTree = "<group>"; };
		ECD2C6C21C2738CB00A96B7F /* Base */ = {isa = PBXFileReference; lastKnownFileType = file.storyboard; name = Base; path = Base.lproj/Main.storyboard; sourceTree = "<group>"; };
		ECD2C6C41C2738CB00A96B7F /* Assets.xcassets */ = {isa = PBXFileReference; lastKnownFileType = folder.assetcatalog; path = Assets.xcassets; sourceTree = "<group>"; };
		ECD2C6C71C2738CB00A96B7F /* Base */ = {isa = PBXFileReference; lastKnownFileType = file.storyboard; name = Base; path = Base.lproj/LaunchScreen.storyboard; sourceTree = "<group>"; };
		ECD2C6C91C2738CB00A96B7F /* Info.plist */ = {isa = PBXFileReference; lastKnownFileType = text.plist.xml; path = Info.plist; sourceTree = "<group>"; };
		ECD2C6D31C273B5500A96B7F /* uvodna.png */ = {isa = PBXFileReference; lastKnownFileType = image.png; path = uvodna.png; sourceTree = "<group>"; };
		ECD2C6E11C275D7E00A96B7F /* kamen1.png */ = {isa = PBXFileReference; lastKnownFileType = image.png; path = kamen1.png; sourceTree = "<group>"; };
		ECD2C6E21C275D7E00A96B7F /* kamen2.png */ = {isa = PBXFileReference; lastKnownFileType = image.png; path = kamen2.png; sourceTree = "<group>"; };
		ECD2C6E31C275D7E00A96B7F /* kamen3.png */ = {isa = PBXFileReference; lastKnownFileType = image.png; path = kamen3.png; sourceTree = "<group>"; };
		ECD2C6E41C275D7E00A96B7F /* kamen4.png */ = {isa = PBXFileReference; lastKnownFileType = image.png; path = kamen4.png; sourceTree = "<group>"; };
		ECD2C6E51C275D7E00A96B7F /* kamen5.png */ = {isa = PBXFileReference; lastKnownFileType = image.png; path = kamen5.png; sourceTree = "<group>"; };
		ECD2C6E61C275D7E00A96B7F /* kamen6.png */ = {isa = PBXFileReference; lastKnownFileType = image.png; path = kamen6.png; sourceTree = "<group>"; };
		ECD2C6ED1C27609700A96B7F /* voda.png */ = {isa = PBXFileReference; lastKnownFileType = image.png; path = voda.png; sourceTree = "<group>"; };
/* End PBXFileReference section */

/* Begin PBXFrameworksBuildPhase section */
		ECD2C6AD1C2738CB00A96B7F /* Frameworks */ = {
			isa = PBXFrameworksBuildPhase;
			buildActionMask = 2147483647;
			files = (
				EC3880B51C3BF887007A6B3A /* iAd.framework in Frameworks */,
				ECCAE04F1C3B2B4100E31B7E /* Twitter.framework in Frameworks */,
				ECCAE04D1C3B2B2900E31B7E /* Social.framework in Frameworks */,
				ECCADFD61C34790B00E31B7E /* AVFoundation.framework in Frameworks */,
				EC3880B71C3BF906007A6B3A /* GameKit.framework in Frameworks */,
			);
			runOnlyForDeploymentPostprocessing = 0;
		};
/* End PBXFrameworksBuildPhase section */

/* Begin PBXGroup section */
		ECCADF4C1C33F62100E31B7E /* izbornik */ = {
			isa = PBXGroup;
			children = (
				ECCAE0481C3AF19900E31B7E /* leaderboard.png */,
				ECCAE04A1C3AF1AF00E31B7E /* selectKayak.png */,
				ECCAE0391C39CC1900E31B7E /* staza1ico.png */,
				ECCAE03B1C39CC2200E31B7E /* staza2ico.png */,
				ECCAE03D1C39CC2E00E31B7E /* staza3ico.png */,
				ECCAE03F1C39CC3600E31B7E /* staza4ico.png */,
				ECCAE0411C39CC4400E31B7E /* staza5ico.png */,
				ECCAE0041C371B1900E31B7E /* iOkvir.png */,
				ECCAE0081C37254B00E31B7E /* check.png */,
				ECCAE0061C371E2E00E31B7E /* back.png */,
				ECCADFED1C358B8600E31B7E /* newGame.png */,
				ECCADFDF1C3488CB00E31B7E /* kajakB.png */,
				ECCADF691C342B1200E31B7E /* 1lap.png */,
				ECCADF6A1C342B1200E31B7E /* 2lap.png */,
				ECCADF6B1C342B1200E31B7E /* 3lap.png */,
				ECCADF6C1C342B1200E31B7E /* 5lap.png */,
				ECCADF6D1C342B1200E31B7E /* 10lap.png */,
				ECCADF6E1C342B1200E31B7E /* aiOff.png */,
				ECCADF6F1C342B1200E31B7E /* aiOn.png */,
				ECCADF701C342B1200E31B7E /* endurance.png */,
				ECCADF871C3445E000E31B7E /* enduranceOn.png */,
				ECCADF851C343F7F00E31B7E /* poluga.png */,
				ECCADF721C342B1200E31B7E /* quickGame.png */,
				ECCADF731C342B1200E31B7E /* selectMap.png */,
				ECCADF741C342B1200E31B7E /* startGame.png */,
				ECCADF751C342B1200E31B7E /* timePerLap.png */,
			);
			name = izbornik;
			sourceTree = "<group>";
		};
		ECCADF891C3473B900E31B7E /* Kajaci */ = {
			isa = PBXGroup;
			children = (
				ECCADF9A1C34747700E31B7E /* veslacBlack.png */,
				ECCADF9B1C34747700E31B7E /* veslacBlue.png */,
				ECCADF9C1C34747700E31B7E /* veslacCyan.png */,
				ECCADF9D1C34747700E31B7E /* veslacGreen.png */,
				ECCADF9E1C34747700E31B7E /* veslacPurple.png */,
				ECCADF9F1C34747700E31B7E /* veslacRed.png */,
				ECCADFA01C34747700E31B7E /* veslacWhite.png */,
				ECCADFA11C34747700E31B7E /* veslacYellow.png */,
				ECCADF8A1C34746200E31B7E /* kayakBlack.png */,
				ECCADF8B1C34746200E31B7E /* kayakBlue.png */,
				ECCADF8C1C34746200E31B7E /* kayakCyan.png */,
				ECCADF8D1C34746200E31B7E /* kayakGreen.png */,
				ECCADF8E1C34746200E31B7E /* kayakPurple.png */,
				ECCADF8F1C34746200E31B7E /* kayakRed.png */,
				ECCADF901C34746200E31B7E /* kayakWhite.png */,
				ECCADF911C34746200E31B7E /* kayakYellow.png */,
			);
			name = Kajaci;
			sourceTree = "<group>";
		};
		ECCADFAA1C34769300E31B7E /* igraSlike */ = {
			isa = PBXGroup;
			children = (
				ECCADFB91C3477F900E31B7E /* start.png */,
				ECCAE02F1C389BBB00E31B7E /* voda1.png */,
				ECCAE0201C37ED6100E31B7E /* voda2.png */,
				ECCADFB31C3477AE00E31B7E /* voda3.png */,
				ECCAE0021C37192400E31B7E /* voda4.png */,
				ECCAE02B1C37FED900E31B7E /* staza1.png */,
				ECCADFF91C37035700E31B7E /* zemlja1.png */,
				ECCADFFA1C37035700E31B7E /* zemlja1U.png */,
				ECCAE0431C39E49700E31B7E /* staza2.png */,
				ECCAE0331C389E9500E31B7E /* zemlja2U.png */,
				ECCAE0121C375DB000E31B7E /* zemlja2.png */,
				ECCAE0291C37FBD300E31B7E /* staza3.png */,
				ECCAE01A1C37E94800E31B7E /* zemlja3.png */,
				ECCAE0271C37FBB800E31B7E /* zemlja3U.png */,
				ECCADFB11C34778200E31B7E /* staza4.png */,
				ECCADFB41C3477AE00E31B7E /* zemlja4.png */,
				ECCADFB51C3477AE00E31B7E /* zemlja4U.png */,
				ECCADFF51C36FA9000E31B7E /* staza5.png */,
				ECCADFF11C36F2FC00E31B7E /* zemlja5.png */,
				ECCADFF21C36F2FC00E31B7E /* zemlja5U.png */,
				ECCADFAB1C34773A00E31B7E /* pljus.png */,
				ECCADFAF1C34775B00E31B7E /* novcici.atlas */,
				ECCADFAD1C34774B00E31B7E /* riba.atlas */,
			);
			name = igraSlike;
			sourceTree = "<group>";
		};
		ECCADFBB1C34780C00E31B7E /* brzac */ = {
			isa = PBXGroup;
			children = (
				ECCADFBC1C34782400E31B7E /* brzac0.png */,
				ECCADFBD1C34782400E31B7E /* brzac1.png */,
				ECCADFBE1C34782400E31B7E /* brzac2.png */,
				ECCADFBF1C34782400E31B7E /* brzac3.png */,
				ECCADFC01C34782400E31B7E /* brzac4.png */,
				ECCADFC11C34782400E31B7E /* brzac5.png */,
				ECCADFC21C34782400E31B7E /* brzac6.png */,
				ECCADFC31C34782400E31B7E /* brzac7.png */,
				ECCADFC41C34782400E31B7E /* brzac8.png */,
				ECCADFC51C34782400E31B7E /* brzac9.png */,
				ECCADFC61C34782400E31B7E /* brzac10.png */,
			);
			name = brzac;
			sourceTree = "<group>";
		};
		ECCADFD21C34783D00E31B7E /* zvukovi */ = {
			isa = PBXGroup;
			children = (
				ECCADFD31C34785600E31B7E /* bird.mp3 */,
			);
			name = zvukovi;
			sourceTree = "<group>";
		};
		ECCADFD71C34795D00E31B7E /* particle */ = {
			isa = PBXGroup;
			children = (
				ECCADFD81C3479AF00E31B7E /* MyParticle.sks */,
				ECCADFD91C3479AF00E31B7E /* spark.png */,
			);
			name = particle;
			sourceTree = "<group>";
		};
		ECD2C6A71C2738CB00A96B7F = {
			isa = PBXGroup;
			children = (
				EC3880B61C3BF906007A6B3A /* GameKit.framework */,
				EC3880B41C3BF887007A6B3A /* iAd.framework */,
				ECCAE04E1C3B2B4100E31B7E /* Twitter.framework */,
				ECCAE04C1C3B2B2900E31B7E /* Social.framework */,
				ECCADFD51C34790B00E31B7E /* AVFoundation.framework */,
				ECCADFD21C34783D00E31B7E /* zvukovi */,
				ECD2C6D21C273A0600A96B7F /* slike */,
				ECCADFD71C34795D00E31B7E /* particle */,
				ECD2C6B21C2738CB00A96B7F /* Kayak */,
				ECD2C6B11C2738CB00A96B7F /* Products */,
			);
			sourceTree = "<group>";
		};
		ECD2C6B11C2738CB00A96B7F /* Products */ = {
			isa = PBXGroup;
			children = (
				ECD2C6B01C2738CB00A96B7F /* Kayak.app */,
			);
			name = Products;
			sourceTree = "<group>";
		};
		ECD2C6B21C2738CB00A96B7F /* Kayak */ = {
			isa = PBXGroup;
			children = (
				ECD2C6B61C2738CB00A96B7F /* AppDelegate.h */,
				ECD2C6B71C2738CB00A96B7F /* AppDelegate.m */,
				ECCADFE41C35418E00E31B7E /* winScene.h */,
				ECCADFE51C3541A500E31B7E /* winScene.m */,
				ECCADFE11C353B2700E31B7E /* fallScene.h */,
				ECCADFE21C353B2700E31B7E /* fallScene.m */,
				ECCAE0451C3AE79B00E31B7E /* izbornikKajaka.h */,
				ECCAE0461C3AE79B00E31B7E /* izbornikKajaka.m */,
				ECCADFFF1C3717A300E31B7E /* izbornikScene.h */,
				ECCAE0001C3717B800E31B7E /* izbornikScene.m */,
				ECCADFDC1C347B2000E31B7E /* prvaScena.h */,
				ECCADFDD1C347B2000E31B7E /* prvaScena.m */,
				ECD2C6B91C2738CB00A96B7F /* GameScene.h */,
				ECD2C6BA1C2738CB00A96B7F /* GameScene.m */,
				ECD2C6BC1C2738CB00A96B7F /* GameScene.sks */,
				ECD2C6BE1C2738CB00A96B7F /* GameViewController.h */,
				ECD2C6BF1C2738CB00A96B7F /* GameViewController.m */,
				ECD2C6C11C2738CB00A96B7F /* Main.storyboard */,
				EC3880B81C3BFA5C007A6B3A /* gameCenterFiles.h */,
				EC3880B91C3BFA5C007A6B3A /* gameCenterFiles.m */,
				ECD2C6C41C2738CB00A96B7F /* Assets.xcassets */,
				ECD2C6C61C2738CB00A96B7F /* LaunchScreen.storyboard */,
				ECD2C6C91C2738CB00A96B7F /* Info.plist */,
				ECD2C6B31C2738CB00A96B7F /* Supporting Files */,
			);
			path = Kayak;
			sourceTree = "<group>";
		};
		ECD2C6B31C2738CB00A96B7F /* Supporting Files */ = {
			isa = PBXGroup;
			children = (
				ECD2C6B41C2738CB00A96B7F /* main.m */,
			);
			name = "Supporting Files";
			sourceTree = "<group>";
		};
		ECD2C6D21C273A0600A96B7F /* slike */ = {
			isa = PBXGroup;
			children = (
				ECCADFBB1C34780C00E31B7E /* brzac */,
				ECCADFAA1C34769300E31B7E /* igraSlike */,
				ECCADF891C3473B900E31B7E /* Kajaci */,
				ECCADF4C1C33F62100E31B7E /* izbornik */,
				ECD2C6D31C273B5500A96B7F /* uvodna.png */,
				ECCAE0371C39AB9000E31B7E /* naslovna.png */,
				ECCADFEB1C35891B00E31B7E /* pehar.png */,
				ECCADFE71C3550B100E31B7E /* fallPodloga.png */,
				ECCADFE91C3561D200E31B7E /* winPodloga.png */,
				ECD2C6E11C275D7E00A96B7F /* kamen1.png */,
				ECD2C6E21C275D7E00A96B7F /* kamen2.png */,
				ECD2C6E31C275D7E00A96B7F /* kamen3.png */,
				ECD2C6E41C275D7E00A96B7F /* kamen4.png */,
				ECD2C6E51C275D7E00A96B7F /* kamen5.png */,
				ECD2C6E61C275D7E00A96B7F /* kamen6.png */,
				ECD2C6ED1C27609700A96B7F /* voda.png */,
				ECCAE0561C3B2F2F00E31B7E /* Facebook.png */,
				ECCAE0541C3B2F1C00E31B7E /* twiter.png */,
			);
			name = slike;
			sourceTree = "<group>";
		};
/* End PBXGroup section */

/* Begin PBXNativeTarget section */
		ECD2C6AF1C2738CB00A96B7F /* Kayak */ = {
			isa = PBXNativeTarget;
			buildConfigurationList = ECD2C6CC1C2738CB00A96B7F /* Build configuration list for PBXNativeTarget "Kayak" */;
			buildPhases = (
				ECD2C6AC1C2738CB00A96B7F /* Sources */,
				ECD2C6AD1C2738CB00A96B7F /* Frameworks */,
				ECD2C6AE1C2738CB00A96B7F /* Resources */,
			);
			buildRules = (
			);
			dependencies = (
			);
			name = Kayak;
			productName = Kayak;
			productReference = ECD2C6B01C2738CB00A96B7F /* Kayak.app */;
			productType = "com.apple.product-type.application";
		};
/* End PBXNativeTarget section */

/* Begin PBXProject section */
		ECD2C6A81C2738CB00A96B7F /* Project object */ = {
			isa = PBXProject;
			attributes = {
				LastUpgradeCheck = 0720;
				ORGANIZATIONNAME = "Anton Orzes";
				TargetAttributes = {
					ECD2C6AF1C2738CB00A96B7F = {
						CreatedOnToolsVersion = 7.2;
						DevelopmentTeam = 8Z7M987K48;
						SystemCapabilities = {
							com.apple.GameCenter = {
								enabled = 1;
							};
						};
					};
				};
			};
			buildConfigurationList = ECD2C6AB1C2738CB00A96B7F /* Build configuration list for PBXProject "Kayak" */;
			compatibilityVersion = "Xcode 3.2";
			developmentRegion = English;
			hasScannedForEncodings = 0;
			knownRegions = (
				en,
				Base,
			);
			mainGroup = ECD2C6A71C2738CB00A96B7F;
			productRefGroup = ECD2C6B11C2738CB00A96B7F /* Products */;
			projectDirPath = "";
			projectRoot = "";
			targets = (
				ECD2C6AF1C2738CB00A96B7F /* Kayak */,
			);
		};
/* End PBXProject section */

/* Begin PBXResourcesBuildPhase section */
		ECD2C6AE1C2738CB00A96B7F /* Resources */ = {
			isa = PBXResourcesBuildPhase;
			buildActionMask = 2147483647;
			files = (
				ECCADFB61C3477AE00E31B7E /* voda3.png in Resources */,
				ECCADF781C342B1200E31B7E /* 3lap.png in Resources */,
				ECD2C6E91C275D7E00A96B7F /* kamen3.png in Resources */,
				ECCADF7F1C342B1200E31B7E /* quickGame.png in Resources */,
				ECCADFCF1C34782400E31B7E /* brzac8.png in Resources */,
				ECCAE0441C39E49700E31B7E /* staza2.png in Resources */,
				ECCADF981C34746200E31B7E /* kayakWhite.png in Resources */,
				ECCADF991C34746200E31B7E /* kayakYellow.png in Resources */,
				ECCADFD01C34782400E31B7E /* brzac9.png in Resources */,
				ECCAE03C1C39CC2200E31B7E /* staza2ico.png in Resources */,
				ECCADF771C342B1200E31B7E /* 2lap.png in Resources */,
				ECCAE0031C37192400E31B7E /* voda4.png in Resources */,
				ECD2C6EA1C275D7E00A96B7F /* kamen4.png in Resources */,
				ECCADF791C342B1200E31B7E /* 5lap.png in Resources */,
				ECCADFB81C3477AE00E31B7E /* zemlja4U.png in Resources */,
				ECCADFF61C36FA9000E31B7E /* staza5.png in Resources */,
				ECCADF971C34746200E31B7E /* kayakRed.png in Resources */,
				ECCADF7C1C342B1200E31B7E /* aiOn.png in Resources */,
				ECCADFA21C34747700E31B7E /* veslacBlack.png in Resources */,
				ECCADFEA1C3561D200E31B7E /* winPodloga.png in Resources */,
				ECCAE0141C375DB000E31B7E /* zemlja2.png in Resources */,
				ECCADFCD1C34782400E31B7E /* brzac6.png in Resources */,
				ECCAE0571C3B2F2F00E31B7E /* Facebook.png in Resources */,
				ECCAE0281C37FBB800E31B7E /* zemlja3U.png in Resources */,
				ECCADFB71C3477AE00E31B7E /* zemlja4.png in Resources */,
				ECCADFC71C34782400E31B7E /* brzac0.png in Resources */,
				ECCAE0211C37ED6100E31B7E /* voda2.png in Resources */,
				ECCAE0051C371B1900E31B7E /* iOkvir.png in Resources */,
				ECCADF811C342B1200E31B7E /* startGame.png in Resources */,
				ECD2C6E71C275D7E00A96B7F /* kamen1.png in Resources */,
				ECCADFA41C34747700E31B7E /* veslacCyan.png in Resources */,
				ECCADFA51C34747700E31B7E /* veslacGreen.png in Resources */,
				ECCADFCC1C34782400E31B7E /* brzac5.png in Resources */,
				ECCADFCB1C34782400E31B7E /* brzac4.png in Resources */,
				ECD2C6EE1C27609700A96B7F /* voda.png in Resources */,
				ECCADFA31C34747700E31B7E /* veslacBlue.png in Resources */,
				ECCADF941C34746200E31B7E /* kayakCyan.png in Resources */,
				ECCADF821C342B1200E31B7E /* timePerLap.png in Resources */,
				ECCADFE81C3550B100E31B7E /* fallPodloga.png in Resources */,
				ECCADFDA1C3479AF00E31B7E /* MyParticle.sks in Resources */,
				ECCAE0491C3AF19900E31B7E /* leaderboard.png in Resources */,
				ECCADFD11C34782400E31B7E /* brzac10.png in Resources */,
				ECD2C6EC1C275D7E00A96B7F /* kamen6.png in Resources */,
				ECD2C6D41C273B5500A96B7F /* uvodna.png in Resources */,
				ECCADFDB1C3479AF00E31B7E /* spark.png in Resources */,
				ECD2C6BD1C2738CB00A96B7F /* GameScene.sks in Resources */,
				ECCAE03E1C39CC2E00E31B7E /* staza3ico.png in Resources */,
				ECCADFF31C36F2FC00E31B7E /* zemlja5.png in Resources */,
				ECCADFEE1C358B8600E31B7E /* newGame.png in Resources */,
				ECCADF7D1C342B1200E31B7E /* endurance.png in Resources */,
				ECCADFA71C34747700E31B7E /* veslacRed.png in Resources */,
				ECD2C6E81C275D7E00A96B7F /* kamen2.png in Resources */,
				ECCADFAE1C34774B00E31B7E /* riba.atlas in Resources */,
				ECCADF761C342B1200E31B7E /* 1lap.png in Resources */,
				ECCADFA81C34747700E31B7E /* veslacWhite.png in Resources */,
				ECCAE0421C39CC4400E31B7E /* staza5ico.png in Resources */,
				ECD2C6EB1C275D7E00A96B7F /* kamen5.png in Resources */,
				ECCAE03A1C39CC1900E31B7E /* staza1ico.png in Resources */,
				ECCAE0551C3B2F1C00E31B7E /* twiter.png in Resources */,
				ECCADFE01C3488CB00E31B7E /* kajakB.png in Resources */,
				ECCADF881C3445E000E31B7E /* enduranceOn.png in Resources */,
				ECCADF951C34746200E31B7E /* kayakGreen.png in Resources */,
				ECCADFCA1C34782400E31B7E /* brzac3.png in Resources */,
				ECCAE0071C371E2E00E31B7E /* back.png in Resources */,
				ECCAE0381C39AB9000E31B7E /* naslovna.png in Resources */,
				ECCADFA91C34747700E31B7E /* veslacYellow.png in Resources */,
				ECCAE01B1C37E94800E31B7E /* zemlja3.png in Resources */,
				ECCADF801C342B1200E31B7E /* selectMap.png in Resources */,
				ECCADFC81C34782400E31B7E /* brzac1.png in Resources */,
				ECCADFFB1C37035700E31B7E /* zemlja1.png in Resources */,
				ECCAE0301C389BBB00E31B7E /* voda1.png in Resources */,
				ECCADFCE1C34782400E31B7E /* brzac7.png in Resources */,
				ECCADF921C34746200E31B7E /* kayakBlack.png in Resources */,
				ECCAE02C1C37FED900E31B7E /* staza1.png in Resources */,
				ECCADF931C34746200E31B7E /* kayakBlue.png in Resources */,
				ECCAE0341C389E9500E31B7E /* zemlja2U.png in Resources */,
				ECCADF861C343F7F00E31B7E /* poluga.png in Resources */,
				ECCADFB01C34775B00E31B7E /* novcici.atlas in Resources */,
				ECCADF961C34746200E31B7E /* kayakPurple.png in Resources */,
				ECCAE0091C37254B00E31B7E /* check.png in Resources */,
				ECCADF7B1C342B1200E31B7E /* aiOff.png in Resources */,
				ECCADFBA1C3477F900E31B7E /* start.png in Resources */,
				ECCAE0401C39CC3600E31B7E /* staza4ico.png in Resources */,
				ECCAE04B1C3AF1AF00E31B7E /* selectKayak.png in Resources */,
				ECCADFF41C36F2FC00E31B7E /* zemlja5U.png in Resources */,
				ECD2C6C81C2738CB00A96B7F /* LaunchScreen.storyboard in Resources */,
				ECCAE02A1C37FBD300E31B7E /* staza3.png in Resources */,
				ECCADFB21C34778200E31B7E /* staza4.png in Resources */,
				ECCADFD41C34785600E31B7E /* bird.mp3 in Resources */,
				ECCADF7A1C342B1200E31B7E /* 10lap.png in Resources */,
				ECD2C6C51C2738CB00A96B7F /* Assets.xcassets in Resources */,
				ECCADFC91C34782400E31B7E /* brzac2.png in Resources */,
				ECCADFFC1C37035700E31B7E /* zemlja1U.png in Resources */,
				ECCADFEC1C35891B00E31B7E /* pehar.png in Resources */,
				ECD2C6C31C2738CB00A96B7F /* Main.storyboard in Resources */,
				ECCADFAC1C34773A00E31B7E /* pljus.png in Resources */,
				ECCADFA61C34747700E31B7E /* veslacPurple.png in Resources */,
			);
			runOnlyForDeploymentPostprocessing = 0;
		};
/* End PBXResourcesBuildPhase section */

/* Begin PBXSourcesBuildPhase section */
		ECD2C6AC1C2738CB00A96B7F /* Sources */ = {
			isa = PBXSourcesBuildPhase;
			buildActionMask = 2147483647;
			files = (
				ECCAE0011C3717B800E31B7E /* izbornikScene.m in Sources */,
				ECCADFE61C3541A500E31B7E /* winScene.m in Sources */,
				ECD2C6C01C2738CB00A96B7F /* GameViewController.m in Sources */,
				ECD2C6B81C2738CB00A96B7F /* AppDelegate.m in Sources */,
				ECD2C6BB1C2738CB00A96B7F /* GameScene.m in Sources */,
				ECCADFE31C353B2700E31B7E /* fallScene.m in Sources */,
				EC3880BA1C3BFA5C007A6B3A /* gameCenterFiles.m in Sources */,
				ECD2C6B51C2738CB00A96B7F /* main.m in Sources */,
				ECCAE0471C3AE79B00E31B7E /* izbornikKajaka.m in Sources */,
				ECCADFDE1C347B2000E31B7E /* prvaScena.m in Sources */,
			);
			runOnlyForDeploymentPostprocessing = 0;
		};
/* End PBXSourcesBuildPhase section */

/* Begin PBXVariantGroup section */
		ECD2C6C11C2738CB00A96B7F /* Main.storyboard */ = {
			isa = PBXVariantGroup;
			children = (
				ECD2C6C21C2738CB00A96B7F /* Base */,
			);
			name = Main.storyboard;
			sourceTree = "<group>";
		};
		ECD2C6C61C2738CB00A96B7F /* LaunchScreen.storyboard */ = {
			isa = PBXVariantGroup;
			children = (
				ECD2C6C71C2738CB00A96B7F /* Base */,
			);
			name = LaunchScreen.storyboard;
			sourceTree = "<group>";
		};
/* End PBXVariantGroup section */

/* Begin XCBuildConfiguration section */
		ECD2C6CA1C2738CB00A96B7F /* Debug */ = {
			isa = XCBuildConfiguration;
			buildSettings = {
				ALWAYS_SEARCH_USER_PATHS = NO;
				CLANG_CXX_LANGUAGE_STANDARD = "gnu++0x";
				CLANG_CXX_LIBRARY = "libc++";
				CLANG_ENABLE_MODULES = YES;
				CLANG_ENABLE_OBJC_ARC = YES;
				CLANG_WARN_BOOL_CONVERSION = YES;
				CLANG_WARN_CONSTANT_CONVERSION = YES;
				CLANG_WARN_DIRECT_OBJC_ISA_USAGE = YES_ERROR;
				CLANG_WARN_EMPTY_BODY = YES;
				CLANG_WARN_ENUM_CONVERSION = YES;
				CLANG_WARN_INT_CONVERSION = YES;
				CLANG_WARN_OBJC_ROOT_CLASS = YES_ERROR;
				CLANG_WARN_UNREACHABLE_CODE = YES;
				CLANG_WARN__DUPLICATE_METHOD_MATCH = YES;
				"CODE_SIGN_IDENTITY[sdk=iphoneos*]" = "iPhone Developer";
				COPY_PHASE_STRIP = NO;
				DEBUG_INFORMATION_FORMAT = "dwarf-with-dsym";
				ENABLE_STRICT_OBJC_MSGSEND = YES;
				ENABLE_TESTABILITY = YES;
				GCC_C_LANGUAGE_STANDARD = gnu99;
				GCC_DYNAMIC_NO_PIC = NO;
				GCC_NO_COMMON_BLOCKS = YES;
				GCC_OPTIMIZATION_LEVEL = 0;
				GCC_PREPROCESSOR_DEFINITIONS = (
					"DEBUG=1",
					"$(inherited)",
				);
				GCC_WARN_64_TO_32_BIT_CONVERSION = YES;
				GCC_WARN_ABOUT_RETURN_TYPE = YES_ERROR;
				GCC_WARN_UNDECLARED_SELECTOR = YES;
				GCC_WARN_UNINITIALIZED_AUTOS = YES_AGGRESSIVE;
				GCC_WARN_UNUSED_FUNCTION = YES;
				GCC_WARN_UNUSED_VARIABLE = YES;
				IPHONEOS_DEPLOYMENT_TARGET = 9.2;
				MTL_ENABLE_DEBUG_INFO = YES;
				ONLY_ACTIVE_ARCH = YES;
				SDKROOT = iphoneos;
			};
			name = Debug;
		};
		ECD2C6CB1C2738CB00A96B7F /* Release */ = {
			isa = XCBuildConfiguration;
			buildSettings = {
				ALWAYS_SEARCH_USER_PATHS = NO;
				CLANG_CXX_LANGUAGE_STANDARD = "gnu++0x";
				CLANG_CXX_LIBRARY = "libc++";
				CLANG_ENABLE_MODULES = YES;
				CLANG_ENABLE_OBJC_ARC = YES;
				CLANG_WARN_BOOL_CONVERSION = YES;
				CLANG_WARN_CONSTANT_CONVERSION = YES;
				CLANG_WARN_DIRECT_OBJC_ISA_USAGE = YES_ERROR;
				CLANG_WARN_EMPTY_BODY = YES;
				CLANG_WARN_ENUM_CONVERSION = YES;
				CLANG_WARN_INT_CONVERSION = YES;
				CLANG_WARN_OBJC_ROOT_CLASS = YES_ERROR;
				CLANG_WARN_UNREACHABLE_CODE = YES;
				CLANG_WARN__DUPLICATE_METHOD_MATCH = YES;
				"CODE_SIGN_IDENTITY[sdk=iphoneos*]" = "iPhone Developer";
				COPY_PHASE_STRIP = NO;
				DEBUG_INFORMATION_FORMAT = "dwarf-with-dsym";
				ENABLE_NS_ASSERTIONS = NO;
				ENABLE_STRICT_OBJC_MSGSEND = YES;
				GCC_C_LANGUAGE_STANDARD = gnu99;
				GCC_NO_COMMON_BLOCKS = YES;
				GCC_WARN_64_TO_32_BIT_CONVERSION = YES;
				GCC_WARN_ABOUT_RETURN_TYPE = YES_ERROR;
				GCC_WARN_UNDECLARED_SELECTOR = YES;
				GCC_WARN_UNINITIALIZED_AUTOS = YES_AGGRESSIVE;
				GCC_WARN_UNUSED_FUNCTION = YES;
				GCC_WARN_UNUSED_VARIABLE = YES;
				IPHONEOS_DEPLOYMENT_TARGET = 9.2;
				MTL_ENABLE_DEBUG_INFO = NO;
				SDKROOT = iphoneos;
				VALIDATE_PRODUCT = YES;
			};
			name = Release;
		};
		ECD2C6CD1C2738CB00A96B7F /* Debug */ = {
			isa = XCBuildConfiguration;
			buildSettings = {
				ASSETCATALOG_COMPILER_APPICON_NAME = AppIcon;
				INFOPLIST_FILE = Kayak/Info.plist;
				IPHONEOS_DEPLOYMENT_TARGET = 8.1;
				LD_RUNPATH_SEARCH_PATHS = "$(inherited) @executable_path/Frameworks";
				PRODUCT_BUNDLE_IDENTIFIER = orzes.Kayak;
				PRODUCT_NAME = "$(TARGET_NAME)";
			};
			name = Debug;
		};
		ECD2C6CE1C2738CB00A96B7F /* Release */ = {
			isa = XCBuildConfiguration;
			buildSettings = {
				ASSETCATALOG_COMPILER_APPICON_NAME = AppIcon;
				INFOPLIST_FILE = Kayak/Info.plist;
				IPHONEOS_DEPLOYMENT_TARGET = 8.1;
				LD_RUNPATH_SEARCH_PATHS = "$(inherited) @executable_path/Frameworks";
				PRODUCT_BUNDLE_IDENTIFIER = orzes.Kayak;
				PRODUCT_NAME = "$(TARGET_NAME)";
			};
			name = Release;
		};
/* End XCBuildConfiguration section */

/* Begin XCConfigurationList section */
		ECD2C6AB1C2738CB00A96B7F /* Build configuration list for PBXProject "Kayak" */ = {
			isa = XCConfigurationList;
			buildConfigurations = (
				ECD2C6CA1C2738CB00A96B7F /* Debug */,
				ECD2C6CB1C2738CB00A96B7F /* Release */,
			);
			defaultConfigurationIsVisible = 0;
			defaultConfigurationName = Release;
		};
		ECD2C6CC1C2738CB00A96B7F /* Build configuration list for PBXNativeTarget "Kayak" */ = {
			isa = XCConfigurationList;
			buildConfigurations = (
				ECD2C6CD1C2738CB00A96B7F /* Debug */,
				ECD2C6CE1C2738CB00A96B7F /* Release */,
			);
			defaultConfigurationIsVisible = 0;
			defaultConfigurationName = Release;
		};
/* End XCConfigurationList section */
	};
	rootObject = ECD2C6A81C2738CB00A96B7F /* Project object */;
}
